
Microsoft Visual Studio Solution File, Format Version 12.00
# Visual Studio 15
VisualStudioVersion = 15.0.28307.102
MinimumVisualStudioVersion = 10.0.40219.1
Project("{FAE04EC0-301F-11D3-BF4B-00C04F79EFBC}") = "ConsoleApp2", "ConsoleApp2.csproj", "{A25B5F04-46FB-4903-9020-5A645EA6AA91}"
EndProject
Global
	GlobalSection(SolutionConfigurationPlatforms) = preSolution
		Debug|Any CPU = Debug|Any CPU
		Release|Any CPU = Release|Any CPU
	EndGlobalSection
	GlobalSection(ProjectConfigurationPlatforms) = postSolution
		{A25B5F04-46FB-4903-9020-5A645EA6AA91}.Debug|Any CPU.ActiveCfg = Debug|Any CPU
		{A25B5F04-46FB-4903-9020-5A645EA6AA91}.Debug|Any CPU.Build.0 = Debug|Any CPU
		{A25B5F04-46FB-4903-9020-5A645EA6AA91}.Release|Any CPU.ActiveCfg = Release|Any CPU
		{A25B5F04-46FB-4903-9020-5A645EA6AA91}.Release|Any CPU.Build.0 = Release|Any CPU
	EndGlobalSection
	GlobalSection(SolutionProperties) = preSolution
		HideSolutionNode = FALSE
	EndGlobalSection
	GlobalSection(ExtensibilityGlobals) = postSolution
		SolutionGuid = {1A206A9F-7585-483E-A4D5-9A84F63764C3}
	EndGlobalSection
EndGlobal
